
Microsoft Visual Studio Solution File, Format Version 12.00
# Visual Studio Version 16
VisualStudioVersion = 16.0.33927.289
MinimumVisualStudioVersion = 10.0.40219.1
Project("{FAE04EC0-301F-11D3-BF4B-00C04F79EFBC}") = "Tyuiu.DanilovAS.Sprint6.Task0.V14.Lib", "Tyuiu.DanilovAS.Sprint6.Task0.V14.Lib\Tyuiu.DanilovAS.Sprint6.Task0.V14.Lib.csproj", "{7D9CD2DB-7E38-47B1-8FFE-50CB13132143}"
EndProject
Project("{FAE04EC0-301F-11D3-BF4B-00C04F79EFBC}") = "Tyuiu.DanilovAS.Sprint6.Task0.V14.Test", "Tyuiu.DanilovAS.Sprint6.Task0.V14.Test\Tyuiu.DanilovAS.Sprint6.Task0.V14.Test.csproj", "{509325B7-6058-405E-BDE0-240AB876F018}"
EndProject
Project("{FAE04EC0-301F-11D3-BF4B-00C04F79EFBC}") = "Tyuiu.DanilovAS.Sprint6.Task0.V14", "Tyuiu.DanilovAS.Sprint6.Task0.V14\Tyuiu.DanilovAS.Sprint6.Task0.V14.csproj", "{B2748B25-BCE8-4A0A-8C58-F362F8269B26}"
EndProject
Project("{2150E333-8FDC-42A3-9474-1A3956D46DE8}") = "Task 0", "Task 0", "{C931935A-72EA-48DC-928E-5790E9E52156}"
EndProject
Project("{2150E333-8FDC-42A3-9474-1A3956D46DE8}") = "Task 1", "Task 1", "{6CA04C87-708B-43BB-866F-F33595501712}"
EndProject
Project("{FAE04EC0-301F-11D3-BF4B-00C04F79EFBC}") = "Tyuiu.DanilovAS.Sprint6.Task1.V1.Lib", "Tyuiu.DanilovAS.Sprint6.Task1.V1.Lib\Tyuiu.DanilovAS.Sprint6.Task1.V1.Lib.csproj", "{2BD1B16E-8324-480C-9067-BCECDFFD8D82}"
EndProject
Project("{FAE04EC0-301F-11D3-BF4B-00C04F79EFBC}") = "Tyuiu.DanilovAS.Sprint6.Task1.V1.Test", "Tyuiu.DanilovAS.Sprint6.Task1.V1.Test\Tyuiu.DanilovAS.Sprint6.Task1.V1.Test.csproj", "{2D8748F3-B3F3-4DD1-B32C-A2057763D08E}"
EndProject
Project("{FAE04EC0-301F-11D3-BF4B-00C04F79EFBC}") = "Tyuiu.DanilovAS.Sprint6.Task1.V1", "Tyuiu.DanilovAS.Sprint6.Task1.V1\Tyuiu.DanilovAS.Sprint6.Task1.V1.csproj", "{F6793CC9-36A1-45F1-A763-243897CAB255}"
EndProject
Project("{2150E333-8FDC-42A3-9474-1A3956D46DE8}") = "Task 2", "Task 2", "{17425C81-FAFA-4EEB-9355-F5DC2E8747EC}"
EndProject
Project("{FAE04EC0-301F-11D3-BF4B-00C04F79EFBC}") = "Tyuiu.DanilovAS.Sprint6.Task2.V23.Lib", "Tyuiu.DanilovAS.Sprint6.Task2.V23.Lib\Tyuiu.DanilovAS.Sprint6.Task2.V23.Lib.csproj", "{6980B594-8521-4AF0-BDA0-09B08682E7E4}"
EndProject
Project("{FAE04EC0-301F-11D3-BF4B-00C04F79EFBC}") = "Tyuiu.DanilovAS.Sprint6.Task2.V23.Test", "Tyuiu.DanilovAS.Sprint6.Task2.V23.Test\Tyuiu.DanilovAS.Sprint6.Task2.V23.Test.csproj", "{89E744BA-FCD9-4DE5-9803-7AD27C601CB8}"
EndProject
Project("{FAE04EC0-301F-11D3-BF4B-00C04F79EFBC}") = "Tyuiu.DanilovAS.Sprint6.Task2.V23", "Tyuiu.DanilovAS.Sprint6.Task2.V23\Tyuiu.DanilovAS.Sprint6.Task2.V23.csproj", "{B8EB8829-E13D-4908-962E-A6076DB56236}"
EndProject
Global
	GlobalSection(SolutionConfigurationPlatforms) = preSolution
		Debug|Any CPU = Debug|Any CPU
		Release|Any CPU = Release|Any CPU
	EndGlobalSection
	GlobalSection(ProjectConfigurationPlatforms) = postSolution
		{7D9CD2DB-7E38-47B1-8FFE-50CB13132143}.Debug|Any CPU.ActiveCfg = Debug|Any CPU
		{7D9CD2DB-7E38-47B1-8FFE-50CB13132143}.Debug|Any CPU.Build.0 = Debug|Any CPU
		{7D9CD2DB-7E38-47B1-8FFE-50CB13132143}.Release|Any CPU.ActiveCfg = Release|Any CPU
		{7D9CD2DB-7E38-47B1-8FFE-50CB13132143}.Release|Any CPU.Build.0 = Release|Any CPU
		{509325B7-6058-405E-BDE0-240AB876F018}.Debug|Any CPU.ActiveCfg = Debug|Any CPU
		{509325B7-6058-405E-BDE0-240AB876F018}.Debug|Any CPU.Build.0 = Debug|Any CPU
		{509325B7-6058-405E-BDE0-240AB876F018}.Release|Any CPU.ActiveCfg = Release|Any CPU
		{509325B7-6058-405E-BDE0-240AB876F018}.Release|Any CPU.Build.0 = Release|Any CPU
		{B2748B25-BCE8-4A0A-8C58-F362F8269B26}.Debug|Any CPU.ActiveCfg = Debug|Any CPU
		{B2748B25-BCE8-4A0A-8C58-F362F8269B26}.Debug|Any CPU.Build.0 = Debug|Any CPU
		{B2748B25-BCE8-4A0A-8C58-F362F8269B26}.Release|Any CPU.ActiveCfg = Release|Any CPU
		{B2748B25-BCE8-4A0A-8C58-F362F8269B26}.Release|Any CPU.Build.0 = Release|Any CPU
		{2BD1B16E-8324-480C-9067-BCECDFFD8D82}.Debug|Any CPU.ActiveCfg = Debug|Any CPU
		{2BD1B16E-8324-480C-9067-BCECDFFD8D82}.Debug|Any CPU.Build.0 = Debug|Any CPU
		{2BD1B16E-8324-480C-9067-BCECDFFD8D82}.Release|Any CPU.ActiveCfg = Release|Any CPU
		{2BD1B16E-8324-480C-9067-BCECDFFD8D82}.Release|Any CPU.Build.0 = Release|Any CPU
		{2D8748F3-B3F3-4DD1-B32C-A2057763D08E}.Debug|Any CPU.ActiveCfg = Debug|Any CPU
		{2D8748F3-B3F3-4DD1-B32C-A2057763D08E}.Debug|Any CPU.Build.0 = Debug|Any CPU
		{2D8748F3-B3F3-4DD1-B32C-A2057763D08E}.Release|Any CPU.ActiveCfg = Release|Any CPU
		{2D8748F3-B3F3-4DD1-B32C-A2057763D08E}.Release|Any CPU.Build.0 = Release|Any CPU
		{F6793CC9-36A1-45F1-A763-243897CAB255}.Debug|Any CPU.ActiveCfg = Debug|Any CPU
		{F6793CC9-36A1-45F1-A763-243897CAB255}.Debug|Any CPU.Build.0 = Debug|Any CPU
		{F6793CC9-36A1-45F1-A763-243897CAB255}.Release|Any CPU.ActiveCfg = Release|Any CPU
		{F6793CC9-36A1-45F1-A763-243897CAB255}.Release|Any CPU.Build.0 = Release|Any CPU
		{6980B594-8521-4AF0-BDA0-09B08682E7E4}.Debug|Any CPU.ActiveCfg = Debug|Any CPU
		{6980B594-8521-4AF0-BDA0-09B08682E7E4}.Debug|Any CPU.Build.0 = Debug|Any CPU
		{6980B594-8521-4AF0-BDA0-09B08682E7E4}.Release|Any CPU.ActiveCfg = Release|Any CPU
		{6980B594-8521-4AF0-BDA0-09B08682E7E4}.Release|Any CPU.Build.0 = Release|Any CPU
		{89E744BA-FCD9-4DE5-9803-7AD27C601CB8}.Debug|Any CPU.ActiveCfg = Debug|Any CPU
		{89E744BA-FCD9-4DE5-9803-7AD27C601CB8}.Debug|Any CPU.Build.0 = Debug|Any CPU
		{89E744BA-FCD9-4DE5-9803-7AD27C601CB8}.Release|Any CPU.ActiveCfg = Release|Any CPU
		{89E744BA-FCD9-4DE5-9803-7AD27C601CB8}.Release|Any CPU.Build.0 = Release|Any CPU
		{B8EB8829-E13D-4908-962E-A6076DB56236}.Debug|Any CPU.ActiveCfg = Debug|Any CPU
		{B8EB8829-E13D-4908-962E-A6076DB56236}.Debug|Any CPU.Build.0 = Debug|Any CPU
		{B8EB8829-E13D-4908-962E-A6076DB56236}.Release|Any CPU.ActiveCfg = Release|Any CPU
		{B8EB8829-E13D-4908-962E-A6076DB56236}.Release|Any CPU.Build.0 = Release|Any CPU
	EndGlobalSection
	GlobalSection(SolutionProperties) = preSolution
		HideSolutionNode = FALSE
	EndGlobalSection
	GlobalSection(NestedProjects) = preSolution
		{7D9CD2DB-7E38-47B1-8FFE-50CB13132143} = {C931935A-72EA-48DC-928E-5790E9E52156}
		{509325B7-6058-405E-BDE0-240AB876F018} = {C931935A-72EA-48DC-928E-5790E9E52156}
		{B2748B25-BCE8-4A0A-8C58-F362F8269B26} = {C931935A-72EA-48DC-928E-5790E9E52156}
		{2BD1B16E-8324-480C-9067-BCECDFFD8D82} = {6CA04C87-708B-43BB-866F-F33595501712}
		{2D8748F3-B3F3-4DD1-B32C-A2057763D08E} = {6CA04C87-708B-43BB-866F-F33595501712}
		{F6793CC9-36A1-45F1-A763-243897CAB255} = {6CA04C87-708B-43BB-866F-F33595501712}
		{6980B594-8521-4AF0-BDA0-09B08682E7E4} = {17425C81-FAFA-4EEB-9355-F5DC2E8747EC}
		{89E744BA-FCD9-4DE5-9803-7AD27C601CB8} = {17425C81-FAFA-4EEB-9355-F5DC2E8747EC}
		{B8EB8829-E13D-4908-962E-A6076DB56236} = {17425C81-FAFA-4EEB-9355-F5DC2E8747EC}
	EndGlobalSection
	GlobalSection(ExtensibilityGlobals) = postSolution
		SolutionGuid = {1A5B2BE4-6DCE-4688-B4F8-55FC38DC3CB4}
	EndGlobalSection
EndGlobal
